
Microsoft Visual Studio Solution File, Format Version 11.00
# Visual Studio 2010
Project("{FAE04EC0-301F-11D3-BF4B-00C04F79EFBC}") = "DeadLiner", "DeadLiner\DeadLiner.csproj", "{8E9AD944-F634-4E96-B1EF-65E45D727C72}"
EndProject
Project("{FAE04EC0-301F-11D3-BF4B-00C04F79EFBC}") = "DAL", "DAL\DAL.csproj", "{C089FFA2-9A70-4438-910D-84C51B770A3D}"
EndProject
Project("{FAE04EC0-301F-11D3-BF4B-00C04F79EFBC}") = "BLL", "BLL\BLL.csproj", "{FEE33DC8-D8F3-4589-BAF2-46D1E39F7D7C}"
EndProject
Global
	GlobalSection(SolutionConfigurationPlatforms) = preSolution
		Debug|Any CPU = Debug|Any CPU
		Debug|Mixed Platforms = Debug|Mixed Platforms
		Debug|x86 = Debug|x86
		Release|Any CPU = Release|Any CPU
		Release|Mixed Platforms = Release|Mixed Platforms
		Release|x86 = Release|x86
	EndGlobalSection
	GlobalSection(ProjectConfigurationPlatforms) = postSolution
		{8E9AD944-F634-4E96-B1EF-65E45D727C72}.Debug|Any CPU.ActiveCfg = Debug|x86
		{8E9AD944-F634-4E96-B1EF-65E45D727C72}.Debug|Mixed Platforms.ActiveCfg = Debug|x86
		{8E9AD944-F634-4E96-B1EF-65E45D727C72}.Debug|Mixed Platforms.Build.0 = Debug|x86
		{8E9AD944-F634-4E96-B1EF-65E45D727C72}.Debug|x86.ActiveCfg = Debug|x86
		{8E9AD944-F634-4E96-B1EF-65E45D727C72}.Debug|x86.Build.0 = Debug|x86
		{8E9AD944-F634-4E96-B1EF-65E45D727C72}.Release|Any CPU.ActiveCfg = Release|x86
		{8E9AD944-F634-4E96-B1EF-65E45D727C72}.Release|Mixed Platforms.ActiveCfg = Release|x86
		{8E9AD944-F634-4E96-B1EF-65E45D727C72}.Release|Mixed Platforms.Build.0 = Release|x86
		{8E9AD944-F634-4E96-B1EF-65E45D727C72}.Release|x86.ActiveCfg = Release|x86
		{8E9AD944-F634-4E96-B1EF-65E45D727C72}.Release|x86.Build.0 = Release|x86
		{C089FFA2-9A70-4438-910D-84C51B770A3D}.Debug|Any CPU.ActiveCfg = Debug|Any CPU
		{C089FFA2-9A70-4438-910D-84C51B770A3D}.Debug|Any CPU.Build.0 = Debug|Any CPU
		{C089FFA2-9A70-4438-910D-84C51B770A3D}.Debug|Mixed Platforms.ActiveCfg = Debug|Any CPU
		{C089FFA2-9A70-4438-910D-84C51B770A3D}.Debug|Mixed Platforms.Build.0 = Debug|Any CPU
		{C089FFA2-9A70-4438-910D-84C51B770A3D}.Debug|x86.ActiveCfg = Debug|Any CPU
		{C089FFA2-9A70-4438-910D-84C51B770A3D}.Release|Any CPU.ActiveCfg = Release|Any CPU
		{C089FFA2-9A70-4438-910D-84C51B770A3D}.Release|Any CPU.Build.0 = Release|Any CPU
		{C089FFA2-9A70-4438-910D-84C51B770A3D}.Release|Mixed Platforms.ActiveCfg = Release|Any CPU
		{C089FFA2-9A70-4438-910D-84C51B770A3D}.Release|Mixed Platforms.Build.0 = Release|Any CPU
		{C089FFA2-9A70-4438-910D-84C51B770A3D}.Release|x86.ActiveCfg = Release|Any CPU
		{FEE33DC8-D8F3-4589-BAF2-46D1E39F7D7C}.Debug|Any CPU.ActiveCfg = Debug|Any CPU
		{FEE33DC8-D8F3-4589-BAF2-46D1E39F7D7C}.Debug|Any CPU.Build.0 = Debug|Any CPU
		{FEE33DC8-D8F3-4589-BAF2-46D1E39F7D7C}.Debug|Mixed Platforms.ActiveCfg = Debug|Any CPU
		{FEE33DC8-D8F3-4589-BAF2-46D1E39F7D7C}.Debug|Mixed Platforms.Build.0 = Debug|Any CPU
		{FEE33DC8-D8F3-4589-BAF2-46D1E39F7D7C}.Debug|x86.ActiveCfg = Debug|Any CPU
		{FEE33DC8-D8F3-4589-BAF2-46D1E39F7D7C}.Release|Any CPU.ActiveCfg = Release|Any CPU
		{FEE33DC8-D8F3-4589-BAF2-46D1E39F7D7C}.Release|Any CPU.Build.0 = Release|Any CPU
		{FEE33DC8-D8F3-4589-BAF2-46D1E39F7D7C}.Release|Mixed Platforms.ActiveCfg = Release|Any CPU
		{FEE33DC8-D8F3-4589-BAF2-46D1E39F7D7C}.Release|Mixed Platforms.Build.0 = Release|Any CPU
		{FEE33DC8-D8F3-4589-BAF2-46D1E39F7D7C}.Release|x86.ActiveCfg = Release|Any CPU
	EndGlobalSection
	GlobalSection(SolutionProperties) = preSolution
		HideSolutionNode = FALSE
	EndGlobalSection
EndGlobal
